<?xml version="1.0" encoding="utf-8"?>
<Project ToolsVersion="4.0" xmlns="http://schemas.microsoft.com/developer/msbuild/2003">
  <ItemGroup>
    <ClCompile Include="Actor\Buff\buff_base.cpp" />
    <ClCompile Include="Actor\character_base.cpp" />
    <ClCompile Include="Actor\character_move.cpp" />
    <ClCompile Include="Actor\character_states.cpp" />
    <ClCompile Include="BattleSystem\Phase\phase_ai.cpp" />
    <ClCompile Include="BattleSystem\Phase\phase_animation.cpp" />
    <ClCompile Include="BattleSystem\Phase\phase_caculate.cpp" />
    <ClCompile Include="BattleSystem\Phase\phase_check_end.cpp" />
    <ClCompile Include="BattleSystem\Phase\phase_end.cpp" />
    <ClCompile Include="BattleSystem\Phase\phase_event.cpp" />
    <ClCompile Include="BattleSystem\Phase\phase_lose.cpp" />
    <ClCompile Include="BattleSystem\Phase\phase_player.cpp" />
    <ClCompile Include="BattleSystem\Phase\phase_start.cpp" />
    <ClCompile Include="BattleSystem\Phase\phase_wait.cpp" />
    <ClCompile Include="BattleSystem\Phase\phase_win.cpp" />
    <ClCompile Include="BattleSystem\phase_manager.cpp" />
    <ClCompile Include="Color\color.cpp" />
    <ClCompile Include="Core\application.cpp" />
    <ClCompile Include="Core\game.cpp" />
    <ClCompile Include="Core\input_state.cpp" />
    <ClCompile Include="Device\content_manager.cpp" />
    <ClCompile Include="Device\depth_sort.cpp" />
    <ClCompile Include="Device\game_device.cpp" />
    <ClCompile Include="Device\projector.cpp" />
    <ClCompile Include="Device\random.cpp" />
    <ClCompile Include="Device\renderer.cpp" />
    <ClCompile Include="main.cpp" />
    <ClCompile Include="Math\vector2.cpp" />
    <ClCompile Include="Math\vector3.cpp" />
    <ClCompile Include="Shader\cutin_effect.cpp" />
    <ClCompile Include="Scene\loading.cpp" />
    <ClCompile Include="Scene\scene_base.cpp" />
    <ClCompile Include="Scene\scene_manager.cpp" />
    <ClCompile Include="Scene\title.cpp" />
    <ClCompile Include="Scene\village.cpp" />
    <ClCompile Include="Scene\battle.cpp" />
    <ClCompile Include="Scene\team_view.cpp" />
    <ClCompile Include="Scene\shop.cpp" />
    <ClCompile Include="Scene\option.cpp" />
    <ClCompile Include="Map\battle_map.cpp" />
    <ClCompile Include="Map\map_loader.cpp" />
    <ClCompile Include="ssbpLib\common\Animator\ssplayer_effect.cpp" />
    <ClCompile Include="ssbpLib\common\Animator\ssplayer_effect2.cpp" />
    <ClCompile Include="ssbpLib\common\Animator\ssplayer_effectfunction.cpp" />
    <ClCompile Include="ssbpLib\common\Animator\ssplayer_matrix.cpp" />
    <ClCompile Include="ssbpLib\common\Animator\ssplayer_PartState.cpp" />
    <ClCompile Include="ssbpLib\common\Helper\DebugPrint.cpp" />
    <ClCompile Include="ssbpLib\SS5Player.cpp" />
    <ClCompile Include="ssbpLib\SS5PlayerPlatform.cpp" />
    <ClCompile Include="Event\dialogue.cpp" />
    <ClCompile Include="Animator\animator.cpp" />
    <ClCompile Include="Actor\PassiveSkill\passive.cpp" />
    <ClCompile Include="Actor\Buff\heal.cpp" />
    <ClCompile Include="Actor\character_buff.cpp" />
  </ItemGroup>
  <ItemGroup>
    <ClInclude Include="Actor\Buff\buff_base.h" />
    <ClInclude Include="Actor\character_base.h" />
    <ClInclude Include="Actor\character_move.h" />
    <ClInclude Include="Actor\character_states.h" />
    <ClInclude Include="BattleSystem\i_phase.h" />
    <ClInclude Include="BattleSystem\Phase\phase_ai.h" />
    <ClInclude Include="BattleSystem\Phase\phase_animation.h" />
    <ClInclude Include="BattleSystem\Phase\phase_caculate.h" />
    <ClInclude Include="BattleSystem\Phase\phase_check_end.h" />
    <ClInclude Include="BattleSystem\Phase\phase_end.h" />
    <ClInclude Include="BattleSystem\Phase\phase_event.h" />
    <ClInclude Include="BattleSystem\Phase\phase_lose.h" />
    <ClInclude Include="BattleSystem\Phase\phase_player.h" />
    <ClInclude Include="BattleSystem\Phase\phase_start.h" />
    <ClInclude Include="BattleSystem\Phase\phase_wait.h" />
    <ClInclude Include="BattleSystem\Phase\phase_win.h" />
    <ClInclude Include="BattleSystem\phase_enum.h" />
    <ClInclude Include="BattleSystem\phase_manager.h" />
    <ClInclude Include="Color\color.h" />
    <ClInclude Include="Core\application.h" />
    <ClInclude Include="Core\game.h" />
    <ClInclude Include="Core\input_state.h" />
    <ClInclude Include="Def\window_def.h" />
    <ClInclude Include="Device\content_manager.h" />
    <ClInclude Include="Device\depth_sort.h" />
    <ClInclude Include="Device\game_device.h" />
    <ClInclude Include="Device\projector.h" />
    <ClInclude Include="Device\random.h" />
    <ClInclude Include="Device\renderer.h" />
    <ClInclude Include="Math\vector2.h" />
    <ClInclude Include="Math\vector3.h" />
    <ClInclude Include="Shader\cutin_effect.h" />
    <ClInclude Include="Scene\loading.h" />
    <ClInclude Include="Device\texture_loader.h" />
    <ClInclude Include="Scene\scene_base.h" />
    <ClInclude Include="Scene\scene_manager.h" />
    <ClInclude Include="Scene\scene_type.h" />
    <ClInclude Include="Scene\title.h" />
    <ClInclude Include="Scene\village.h" />
    <ClInclude Include="Scene\battle.h" />
    <ClInclude Include="Scene\team_view.h" />
    <ClInclude Include="Scene\shop.h" />
    <ClInclude Include="Scene\option.h" />
    <ClInclude Include="Map\battle_map.h" />
    <ClInclude Include="Map\map_loader.h" />
    <ClInclude Include="Map\map_grid.h" />
    <ClInclude Include="ssbpLib\common\Animator\MersenneTwister.h" />
    <ClInclude Include="ssbpLib\common\Animator\ssplayer_cellmap.h" />
    <ClInclude Include="ssbpLib\common\Animator\ssplayer_effect.h" />
    <ClInclude Include="ssbpLib\common\Animator\ssplayer_effect2.h" />
    <ClInclude Include="ssbpLib\common\Animator\ssplayer_effectfunction.h" />
    <ClInclude Include="ssbpLib\common\Animator\ssplayer_macro.h" />
    <ClInclude Include="ssbpLib\common\Animator\ssplayer_matrix.h" />
    <ClInclude Include="ssbpLib\common\Animator\ssplayer_PartState.h" />
    <ClInclude Include="ssbpLib\common\Animator\xorshift32.h" />
    <ClInclude Include="ssbpLib\common\Helper\DebugPrint.h" />
    <ClInclude Include="ssbpLib\common\Loader\SsEffectBehavior.h" />
    <ClInclude Include="ssbpLib\common\Loader\SsEffectElement.h" />
    <ClInclude Include="ssbpLib\common\Loader\ssloader.h" />
    <ClInclude Include="ssbpLib\common\Loader\ssloader_ssee.h" />
    <ClInclude Include="ssbpLib\common\Loader\sstypes.h" />
    <ClInclude Include="ssbpLib\SS5Player.h" />
    <ClInclude Include="ssbpLib\SS5PlayerData.h" />
    <ClInclude Include="ssbpLib\SS5PlayerPlatform.h" />
    <ClInclude Include="ssbpLib\SS5PlayerTypes.h" />
    <ClInclude Include="ssbpLib\ssShader_frag.h" />
    <ClInclude Include="Event\dialogue.h" />
    <ClInclude Include="Animator\animator.h" />
    <ClInclude Include="Actor\PassiveSkill\passive.h" />
    <ClInclude Include="Actor\Buff\heal.h" />
    <ClInclude Include="Actor\character_buff.h" />
  </ItemGroup>
  <ItemGroup>
    <Image Include="Content\Texture\load.png" />
    <Image Include="Content\Texture\mask.png" />
    <Image Include="Content\Texture\test.png" />
    <Image Include="Content\Texture\moemoe.png" />
    <Image Include="Content\Texture\moemoe_mask.png" />
    <Image Include="Content\SpriteStudio\TestCharacter\player_parts.png" />
    <Image Include="Content\Texture\player.png" />
    <Image Include="Content\Texture\block_ground.png" />
    <Image Include="Content\Model\blockTest.png" />
  </ItemGroup>
  <ItemGroup>
    <None Include="Content\Model\test.mv1" />
    <None Include="Content\Model\test_block.mv1" />
    <None Include="Content\SpriteStudio\TestCharacter\player.ssbp" />
    <None Include="Content\SpriteStudio\TestCharacter\player.sspj" />
    <None Include="Content\SpriteStudio\TestCharacter\player_idle.ssae" />
    <None Include="Content\SpriteStudio\TestCharacter\player_parts.ssce" />
    <None Include="Content\CSV\Map\map_example.csv" />
    <None Include="Content\CSV\Map\map_example.xlsx" />
    <None Include="Content\CSV\Map\map_example_block_def.csv" />
  </ItemGroup>
</Project>